// !$*UTF8*$!
{
	archiveVersion = 1;
	classes = {
	};
	objectVersion = 51;
	objects = {

/* Begin PBXBuildFile section */
		1932A01D233C693300212C13 /* ComposeViewController.swift in Sources */ = {isa = PBXBuildFile; fileRef = 1932A01C233C693200212C13 /* ComposeViewController.swift */; };
		19456B81236F875B00FC8878 /* ProfileViewController.swift in Sources */ = {isa = PBXBuildFile; fileRef = 19456B80236F875B00FC8878 /* ProfileViewController.swift */; };
		194678B5232AD46000995AF7 /* AppDelegate.swift in Sources */ = {isa = PBXBuildFile; fileRef = 194678B4232AD46000995AF7 /* AppDelegate.swift */; };
		194678B7232AD46100995AF7 /* ViewController.swift in Sources */ = {isa = PBXBuildFile; fileRef = 194678B6232AD46100995AF7 /* ViewController.swift */; };
		194678BA232AD46100995AF7 /* Main.storyboard in Resources */ = {isa = PBXBuildFile; fileRef = 194678B8232AD46100995AF7 /* Main.storyboard */; };
		194678BC232AD46300995AF7 /* Assets.xcassets in Resources */ = {isa = PBXBuildFile; fileRef = 194678BB232AD46300995AF7 /* Assets.xcassets */; };
		194678BF232AD46300995AF7 /* LaunchScreen.storyboard in Resources */ = {isa = PBXBuildFile; fileRef = 194678BD232AD46300995AF7 /* LaunchScreen.storyboard */; };
		194678C7232AD4B900995AF7 /* GoogleService-Info.plist in Resources */ = {isa = PBXBuildFile; fileRef = 194678C6232AD4B900995AF7 /* GoogleService-Info.plist */; };
		1A3630CD2368B79E00A76386 /* customViewCell.swift in Sources */ = {isa = PBXBuildFile; fileRef = 1A3630CB2368B79E00A76386 /* customViewCell.swift */; };
		1A3630CE2368B79E00A76386 /* customViewCell.xib in Resources */ = {isa = PBXBuildFile; fileRef = 1A3630CC2368B79E00A76386 /* customViewCell.xib */; };
		1A3630D82371FAEC00A76386 /* LoginViewController.swift in Sources */ = {isa = PBXBuildFile; fileRef = 1A3630D72371FAEC00A76386 /* LoginViewController.swift */; };
		1A3630E0237B34B100A76386 /* postModel.swift in Sources */ = {isa = PBXBuildFile; fileRef = 1A3630DF237B34B100A76386 /* postModel.swift */; };
		1A3630E2237B357E00A76386 /* Post.swift in Sources */ = {isa = PBXBuildFile; fileRef = 1A3630E1237B357E00A76386 /* Post.swift */; };
		1A3630E4237B487100A76386 /* userModel.swift in Sources */ = {isa = PBXBuildFile; fileRef = 1A3630E3237B487100A76386 /* userModel.swift */; };
		1A3630E6237B49B700A76386 /* User.swift in Sources */ = {isa = PBXBuildFile; fileRef = 1A3630E5237B49B700A76386 /* User.swift */; };
		53D5DE44360D3DC41C0A150C /* Pods_messagingApp.framework in Frameworks */ = {isa = PBXBuildFile; fileRef = 68AE258E28AC5368DDB7C249 /* Pods_messagingApp.framework */; };
		7A76F2BB23401C2400D5CB5E /* CellViewController.swift in Sources */ = {isa = PBXBuildFile; fileRef = 7A76F2BA23401C2400D5CB5E /* CellViewController.swift */; };
/* End PBXBuildFile section */

/* Begin PBXFileReference section */
		1932A01C233C693200212C13 /* ComposeViewController.swift */ = {isa = PBXFileReference; lastKnownFileType = sourcecode.swift; path = ComposeViewController.swift; sourceTree = "<group>"; };
		19456B80236F875B00FC8878 /* ProfileViewController.swift */ = {isa = PBXFileReference; lastKnownFileType = sourcecode.swift; path = ProfileViewController.swift; sourceTree = "<group>"; };
		194678B1232AD46000995AF7 /* messagingApp.app */ = {isa = PBXFileReference; explicitFileType = wrapper.application; includeInIndex = 0; path = messagingApp.app; sourceTree = BUILT_PRODUCTS_DIR; };
		194678B4232AD46000995AF7 /* AppDelegate.swift */ = {isa = PBXFileReference; lastKnownFileType = sourcecode.swift; path = AppDelegate.swift; sourceTree = "<group>"; };
		194678B6232AD46100995AF7 /* ViewController.swift */ = {isa = PBXFileReference; lastKnownFileType = sourcecode.swift; path = ViewController.swift; sourceTree = "<group>"; };
		194678B9232AD46100995AF7 /* Base */ = {isa = PBXFileReference; lastKnownFileType = file.storyboard; name = Base; path = Base.lproj/Main.storyboard; sourceTree = "<group>"; };
		194678BB232AD46300995AF7 /* Assets.xcassets */ = {isa = PBXFileReference; lastKnownFileType = folder.assetcatalog; path = Assets.xcassets; sourceTree = "<group>"; };
		194678BE232AD46300995AF7 /* Base */ = {isa = PBXFileReference; lastKnownFileType = file.storyboard; name = Base; path = Base.lproj/LaunchScreen.storyboard; sourceTree = "<group>"; };
		194678C0232AD46300995AF7 /* Info.plist */ = {isa = PBXFileReference; lastKnownFileType = text.plist.xml; path = Info.plist; sourceTree = "<group>"; };
		194678C6232AD4B900995AF7 /* GoogleService-Info.plist */ = {isa = PBXFileReference; fileEncoding = 4; lastKnownFileType = text.plist.xml; path = "GoogleService-Info.plist"; sourceTree = "<group>"; };
		1A3630CB2368B79E00A76386 /* customViewCell.swift */ = {isa = PBXFileReference; lastKnownFileType = sourcecode.swift; path = customViewCell.swift; sourceTree = "<group>"; };
		1A3630CC2368B79E00A76386 /* customViewCell.xib */ = {isa = PBXFileReference; lastKnownFileType = file.xib; path = customViewCell.xib; sourceTree = "<group>"; };
		1A3630D72371FAEC00A76386 /* LoginViewController.swift */ = {isa = PBXFileReference; lastKnownFileType = sourcecode.swift; path = LoginViewController.swift; sourceTree = "<group>"; };
		1A3630DF237B34B100A76386 /* postModel.swift */ = {isa = PBXFileReference; lastKnownFileType = sourcecode.swift; path = postModel.swift; sourceTree = "<group>"; };
		1A3630E1237B357E00A76386 /* Post.swift */ = {isa = PBXFileReference; lastKnownFileType = sourcecode.swift; path = Post.swift; sourceTree = "<group>"; };
		1A3630E3237B487100A76386 /* userModel.swift */ = {isa = PBXFileReference; lastKnownFileType = sourcecode.swift; path = userModel.swift; sourceTree = "<group>"; };
		1A3630E5237B49B700A76386 /* User.swift */ = {isa = PBXFileReference; lastKnownFileType = sourcecode.swift; path = User.swift; sourceTree = "<group>"; };
		4A27E98E4568234219212173 /* Pods-messagingApp.debug.xcconfig */ = {isa = PBXFileReference; includeInIndex = 1; lastKnownFileType = text.xcconfig; name = "Pods-messagingApp.debug.xcconfig"; path = "Target Support Files/Pods-messagingApp/Pods-messagingApp.debug.xcconfig"; sourceTree = "<group>"; };
		68AE258E28AC5368DDB7C249 /* Pods_messagingApp.framework */ = {isa = PBXFileReference; explicitFileType = wrapper.framework; includeInIndex = 0; path = Pods_messagingApp.framework; sourceTree = BUILT_PRODUCTS_DIR; };
		7A76F2BA23401C2400D5CB5E /* CellViewController.swift */ = {isa = PBXFileReference; lastKnownFileType = sourcecode.swift; path = CellViewController.swift; sourceTree = "<group>"; };
		C9154541D4BB163222A40FFD /* Pods-messagingApp.release.xcconfig */ = {isa = PBXFileReference; includeInIndex = 1; lastKnownFileType = text.xcconfig; name = "Pods-messagingApp.release.xcconfig"; path = "Target Support Files/Pods-messagingApp/Pods-messagingApp.release.xcconfig"; sourceTree = "<group>"; };
/* End PBXFileReference section */

/* Begin PBXFrameworksBuildPhase section */
		194678AE232AD46000995AF7 /* Frameworks */ = {
			isa = PBXFrameworksBuildPhase;
			buildActionMask = 2147483647;
			files = (
				53D5DE44360D3DC41C0A150C /* Pods_messagingApp.framework in Frameworks */,
			);
			runOnlyForDeploymentPostprocessing = 0;
		};
/* End PBXFrameworksBuildPhase section */

/* Begin PBXGroup section */
		194678A8232AD46000995AF7 = {
			isa = PBXGroup;
			children = (
				194678B3232AD46000995AF7 /* messagingApp */,
				194678B2232AD46000995AF7 /* Products */,
				CD374D70980F08EFEF840FC1 /* Pods */,
				4F13C1F7D14452501B349504 /* Frameworks */,
			);
			sourceTree = "<group>";
		};
		194678B2232AD46000995AF7 /* Products */ = {
			isa = PBXGroup;
			children = (
				194678B1232AD46000995AF7 /* messagingApp.app */,
			);
			name = Products;
			sourceTree = "<group>";
		};
		194678B3232AD46000995AF7 /* messagingApp */ = {
			isa = PBXGroup;
			children = (
				194678B4232AD46000995AF7 /* AppDelegate.swift */,
				194678B6232AD46100995AF7 /* ViewController.swift */,
				1A3630DF237B34B100A76386 /* postModel.swift */,
				1A3630E1237B357E00A76386 /* Post.swift */,
				1A3630E3237B487100A76386 /* userModel.swift */,
				1A3630E5237B49B700A76386 /* User.swift */,
				1932A01C233C693200212C13 /* ComposeViewController.swift */,
				7A76F2BA23401C2400D5CB5E /* CellViewController.swift */,
				1A3630D72371FAEC00A76386 /* LoginViewController.swift */,
				19456B80236F875B00FC8878 /* ProfileViewController.swift */,
				194678B8232AD46100995AF7 /* Main.storyboard */,
				194678BD232AD46300995AF7 /* LaunchScreen.storyboard */,
				194678BB232AD46300995AF7 /* Assets.xcassets */,
				194678C0232AD46300995AF7 /* Info.plist */,
				194678C6232AD4B900995AF7 /* GoogleService-Info.plist */,
				1A3630CB2368B79E00A76386 /* customViewCell.swift */,
				1A3630CC2368B79E00A76386 /* customViewCell.xib */,
			);
			path = messagingApp;
			sourceTree = "<group>";
		};
		4F13C1F7D14452501B349504 /* Frameworks */ = {
			isa = PBXGroup;
			children = (
				68AE258E28AC5368DDB7C249 /* Pods_messagingApp.framework */,
			);
			name = Frameworks;
			sourceTree = "<group>";
		};
		CD374D70980F08EFEF840FC1 /* Pods */ = {
			isa = PBXGroup;
			children = (
				4A27E98E4568234219212173 /* Pods-messagingApp.debug.xcconfig */,
				C9154541D4BB163222A40FFD /* Pods-messagingApp.release.xcconfig */,
			);
			path = Pods;
			sourceTree = "<group>";
		};
/* End PBXGroup section */

/* Begin PBXNativeTarget section */
		194678B0232AD46000995AF7 /* messagingApp */ = {
			isa = PBXNativeTarget;
			buildConfigurationList = 194678C3232AD46300995AF7 /* Build configuration list for PBXNativeTarget "messagingApp" */;
			buildPhases = (
				2AF20C0AB8E24917BEC7CA75 /* [CP] Check Pods Manifest.lock */,
				194678AD232AD46000995AF7 /* Sources */,
				194678AE232AD46000995AF7 /* Frameworks */,
				194678AF232AD46000995AF7 /* Resources */,
				DD67B0D77566E7816B207566 /* [CP] Embed Pods Frameworks */,
			);
			buildRules = (
			);
			dependencies = (
			);
			name = messagingApp;
			productName = messagingApp;
			productReference = 194678B1232AD46000995AF7 /* messagingApp.app */;
			productType = "com.apple.product-type.application";
		};
/* End PBXNativeTarget section */

/* Begin PBXProject section */
		194678A9232AD46000995AF7 /* Project object */ = {
			isa = PBXProject;
			attributes = {
				LastSwiftUpdateCheck = 1010;
				LastUpgradeCheck = 1010;
				ORGANIZATIONNAME = "Joshua Steinbach";
				TargetAttributes = {
					194678B0232AD46000995AF7 = {
						CreatedOnToolsVersion = 10.1;
						LastSwiftMigration = 1100;
					};
				};
			};
			buildConfigurationList = 194678AC232AD46000995AF7 /* Build configuration list for PBXProject "messagingApp" */;
			compatibilityVersion = "Xcode 9.3";
			developmentRegion = en;
			hasScannedForEncodings = 0;
			knownRegions = (
				en,
				Base,
			);
			mainGroup = 194678A8232AD46000995AF7;
			productRefGroup = 194678B2232AD46000995AF7 /* Products */;
			projectDirPath = "";
			projectRoot = "";
			targets = (
				194678B0232AD46000995AF7 /* messagingApp */,
			);
		};
/* End PBXProject section */

/* Begin PBXResourcesBuildPhase section */
		194678AF232AD46000995AF7 /* Resources */ = {
			isa = PBXResourcesBuildPhase;
			buildActionMask = 2147483647;
			files = (
				194678BF232AD46300995AF7 /* LaunchScreen.storyboard in Resources */,
				194678C7232AD4B900995AF7 /* GoogleService-Info.plist in Resources */,
				194678BC232AD46300995AF7 /* Assets.xcassets in Resources */,
				194678BA232AD46100995AF7 /* Main.storyboard in Resources */,
				1A3630CE2368B79E00A76386 /* customViewCell.xib in Resources */,
			);
			runOnlyForDeploymentPostprocessing = 0;
		};
/* End PBXResourcesBuildPhase section */

/* Begin PBXShellScriptBuildPhase section */
		2AF20C0AB8E24917BEC7CA75 /* [CP] Check Pods Manifest.lock */ = {
			isa = PBXShellScriptBuildPhase;
			buildActionMask = 2147483647;
			files = (
			);
			inputFileListPaths = (
			);
			inputPaths = (
				"${PODS_PODFILE_DIR_PATH}/Podfile.lock",
				"${PODS_ROOT}/Manifest.lock",
			);
			name = "[CP] Check Pods Manifest.lock";
			outputFileListPaths = (
			);
			outputPaths = (
				"$(DERIVED_FILE_DIR)/Pods-messagingApp-checkManifestLockResult.txt",
			);
			runOnlyForDeploymentPostprocessing = 0;
			shellPath = /bin/sh;
			shellScript = "diff \"${PODS_PODFILE_DIR_PATH}/Podfile.lock\" \"${PODS_ROOT}/Manifest.lock\" > /dev/null\nif [ $? != 0 ] ; then\n    # print error to STDERR\n    echo \"error: The sandbox is not in sync with the Podfile.lock. Run 'pod install' or update your CocoaPods installation.\" >&2\n    exit 1\nfi\n# This output is used by Xcode 'outputs' to avoid re-running this script phase.\necho \"SUCCESS\" > \"${SCRIPT_OUTPUT_FILE_0}\"\n";
			showEnvVarsInLog = 0;
		};
		DD67B0D77566E7816B207566 /* [CP] Embed Pods Frameworks */ = {
			isa = PBXShellScriptBuildPhase;
			buildActionMask = 2147483647;
			files = (
			);
			inputFileListPaths = (
				"${PODS_ROOT}/Target Support Files/Pods-messagingApp/Pods-messagingApp-frameworks-${CONFIGURATION}-input-files.xcfilelist",
			);
			name = "[CP] Embed Pods Frameworks";
			outputFileListPaths = (
				"${PODS_ROOT}/Target Support Files/Pods-messagingApp/Pods-messagingApp-frameworks-${CONFIGURATION}-output-files.xcfilelist",
			);
			runOnlyForDeploymentPostprocessing = 0;
			shellPath = /bin/sh;
			shellScript = "\"${PODS_ROOT}/Target Support Files/Pods-messagingApp/Pods-messagingApp-frameworks.sh\"\n";
			showEnvVarsInLog = 0;
		};
/* End PBXShellScriptBuildPhase section */

/* Begin PBXSourcesBuildPhase section */
		194678AD232AD46000995AF7 /* Sources */ = {
			isa = PBXSourcesBuildPhase;
			buildActionMask = 2147483647;
			files = (
				1A3630D82371FAEC00A76386 /* LoginViewController.swift in Sources */,
				1932A01D233C693300212C13 /* ComposeViewController.swift in Sources */,
				1A3630E4237B487100A76386 /* userModel.swift in Sources */,
				1A3630CD2368B79E00A76386 /* customViewCell.swift in Sources */,
				1A3630E0237B34B100A76386 /* postModel.swift in Sources */,
				194678B7232AD46100995AF7 /* ViewController.swift in Sources */,
				19456B81236F875B00FC8878 /* ProfileViewController.swift in Sources */,
				1A3630E2237B357E00A76386 /* Post.swift in Sources */,
				7A76F2BB23401C2400D5CB5E /* CellViewController.swift in Sources */,
				194678B5232AD46000995AF7 /* AppDelegate.swift in Sources */,
				1A3630E6237B49B700A76386 /* User.swift in Sources */,
			);
			runOnlyForDeploymentPostprocessing = 0;
		};
/* End PBXSourcesBuildPhase section */

/* Begin PBXVariantGroup section */
		194678B8232AD46100995AF7 /* Main.storyboard */ = {
			isa = PBXVariantGroup;
			children = (
				194678B9232AD46100995AF7 /* Base */,
			);
			name = Main.storyboard;
			sourceTree = "<group>";
		};
		194678BD232AD46300995AF7 /* LaunchScreen.storyboard */ = {
			isa = PBXVariantGroup;
			children = (
				194678BE232AD46300995AF7 /* Base */,
			);
			name = LaunchScreen.storyboard;
			sourceTree = "<group>";
		};
/* End PBXVariantGroup section */

/* Begin XCBuildConfiguration section */
		194678C1232AD46300995AF7 /* Debug */ = {
			isa = XCBuildConfiguration;
			buildSettings = {
				ALWAYS_SEARCH_USER_PATHS = NO;
				CLANG_ANALYZER_NONNULL = YES;
				CLANG_ANALYZER_NUMBER_OBJECT_CONVERSION = YES_AGGRESSIVE;
				CLANG_CXX_LANGUAGE_STANDARD = "gnu++14";
				CLANG_CXX_LIBRARY = "libc++";
				CLANG_ENABLE_MODULES = YES;
				CLANG_ENABLE_OBJC_ARC = YES;
				CLANG_ENABLE_OBJC_WEAK = YES;
				CLANG_WARN_BLOCK_CAPTURE_AUTORELEASING = YES;
				CLANG_WARN_BOOL_CONVERSION = YES;
				CLANG_WARN_COMMA = YES;
				CLANG_WARN_CONSTANT_CONVERSION = YES;
				CLANG_WARN_DEPRECATED_OBJC_IMPLEMENTATIONS = YES;
				CLANG_WARN_DIRECT_OBJC_ISA_USAGE = YES_ERROR;
				CLANG_WARN_DOCUMENTATION_COMMENTS = YES;
				CLANG_WARN_EMPTY_BODY = YES;
				CLANG_WARN_ENUM_CONVERSION = YES;
				CLANG_WARN_INFINITE_RECURSION = YES;
				CLANG_WARN_INT_CONVERSION = YES;
				CLANG_WARN_NON_LITERAL_NULL_CONVERSION = YES;
				CLANG_WARN_OBJC_IMPLICIT_RETAIN_SELF = YES;
				CLANG_WARN_OBJC_LITERAL_CONVERSION = YES;
				CLANG_WARN_OBJC_ROOT_CLASS = YES_ERROR;
				CLANG_WARN_RANGE_LOOP_ANALYSIS = YES;
				CLANG_WARN_STRICT_PROTOTYPES = YES;
				CLANG_WARN_SUSPICIOUS_MOVE = YES;
				CLANG_WARN_UNGUARDED_AVAILABILITY = YES_AGGRESSIVE;
				CLANG_WARN_UNREACHABLE_CODE = YES;
				CLANG_WARN__DUPLICATE_METHOD_MATCH = YES;
				CODE_SIGN_IDENTITY = "iPhone Developer";
				COPY_PHASE_STRIP = NO;
				DEBUG_INFORMATION_FORMAT = dwarf;
				ENABLE_STRICT_OBJC_MSGSEND = YES;
				ENABLE_TESTABILITY = YES;
				GCC_C_LANGUAGE_STANDARD = gnu11;
				GCC_DYNAMIC_NO_PIC = NO;
				GCC_NO_COMMON_BLOCKS = YES;
				GCC_OPTIMIZATION_LEVEL = 0;
				GCC_PREPROCESSOR_DEFINITIONS = (
					"DEBUG=1",
					"$(inherited)",
				);
				GCC_WARN_64_TO_32_BIT_CONVERSION = YES;
				GCC_WARN_ABOUT_RETURN_TYPE = YES_ERROR;
				GCC_WARN_UNDECLARED_SELECTOR = YES;
				GCC_WARN_UNINITIALIZED_AUTOS = YES_AGGRESSIVE;
				GCC_WARN_UNUSED_FUNCTION = YES;
				GCC_WARN_UNUSED_VARIABLE = YES;
				IPHONEOS_DEPLOYMENT_TARGET = 12.1;
				MTL_ENABLE_DEBUG_INFO = INCLUDE_SOURCE;
				MTL_FAST_MATH = YES;
				ONLY_ACTIVE_ARCH = YES;
				SDKROOT = iphoneos;
				SWIFT_ACTIVE_COMPILATION_CONDITIONS = DEBUG;
				SWIFT_OPTIMIZATION_LEVEL = "-Onone";
			};
			name = Debug;
		};
		194678C2232AD46300995AF7 /* Release */ = {
			isa = XCBuildConfiguration;
			buildSettings = {
				ALWAYS_SEARCH_USER_PATHS = NO;
				CLANG_ANALYZER_NONNULL = YES;
				CLANG_ANALYZER_NUMBER_OBJECT_CONVERSION = YES_AGGRESSIVE;
				CLANG_CXX_LANGUAGE_STANDARD = "gnu++14";
				CLANG_CXX_LIBRARY = "libc++";
				CLANG_ENABLE_MODULES = YES;
				CLANG_ENABLE_OBJC_ARC = YES;
				CLANG_ENABLE_OBJC_WEAK = YES;
				CLANG_WARN_BLOCK_CAPTURE_AUTORELEASING = YES;
				CLANG_WARN_BOOL_CONVERSION = YES;
				CLANG_WARN_COMMA = YES;
				CLANG_WARN_CONSTANT_CONVERSION = YES;
				CLANG_WARN_DEPRECATED_OBJC_IMPLEMENTATIONS = YES;
				CLANG_WARN_DIRECT_OBJC_ISA_USAGE = YES_ERROR;
				CLANG_WARN_DOCUMENTATION_COMMENTS = YES;
				CLANG_WARN_EMPTY_BODY = YES;
				CLANG_WARN_ENUM_CONVERSION = YES;
				CLANG_WARN_INFINITE_RECURSION = YES;
				CLANG_WARN_INT_CONVERSION = YES;
				CLANG_WARN_NON_LITERAL_NULL_CONVERSION = YES;
				CLANG_WARN_OBJC_IMPLICIT_RETAIN_SELF = YES;
				CLANG_WARN_OBJC_LITERAL_CONVERSION = YES;
				CLANG_WARN_OBJC_ROOT_CLASS = YES_ERROR;
				CLANG_WARN_RANGE_LOOP_ANALYSIS = YES;
				CLANG_WARN_STRICT_PROTOTYPES = YES;
				CLANG_WARN_SUSPICIOUS_MOVE = YES;
				CLANG_WARN_UNGUARDED_AVAILABILITY = YES_AGGRESSIVE;
				CLANG_WARN_UNREACHABLE_CODE = YES;
				CLANG_WARN__DUPLICATE_METHOD_MATCH = YES;
				CODE_SIGN_IDENTITY = "iPhone Developer";
				COPY_PHASE_STRIP = NO;
				DEBUG_INFORMATION_FORMAT = "dwarf-with-dsym";
				ENABLE_NS_ASSERTIONS = NO;
				ENABLE_STRICT_OBJC_MSGSEND = YES;
				GCC_C_LANGUAGE_STANDARD = gnu11;
				GCC_NO_COMMON_BLOCKS = YES;
				GCC_WARN_64_TO_32_BIT_CONVERSION = YES;
				GCC_WARN_ABOUT_RETURN_TYPE = YES_ERROR;
				GCC_WARN_UNDECLARED_SELECTOR = YES;
				GCC_WARN_UNINITIALIZED_AUTOS = YES_AGGRESSIVE;
				GCC_WARN_UNUSED_FUNCTION = YES;
				GCC_WARN_UNUSED_VARIABLE = YES;
				IPHONEOS_DEPLOYMENT_TARGET = 12.1;
				MTL_ENABLE_DEBUG_INFO = NO;
				MTL_FAST_MATH = YES;
				SDKROOT = iphoneos;
				SWIFT_COMPILATION_MODE = wholemodule;
				SWIFT_OPTIMIZATION_LEVEL = "-O";
				VALIDATE_PRODUCT = YES;
			};
			name = Release;
		};
		194678C4232AD46300995AF7 /* Debug */ = {
			isa = XCBuildConfiguration;
			baseConfigurationReference = 4A27E98E4568234219212173 /* Pods-messagingApp.debug.xcconfig */;
			buildSettings = {
				ASSETCATALOG_COMPILER_APPICON_NAME = AppIcon;
				CODE_SIGN_STYLE = Automatic;
				DEVELOPMENT_TEAM = YRAEVQQK7M;
				INFOPLIST_FILE = messagingApp/Info.plist;
				LD_RUNPATH_SEARCH_PATHS = (
					"$(inherited)",
					"@executable_path/Frameworks",
				);
				PRODUCT_BUNDLE_IDENTIFIER = com.practice.messagingApp;
				PRODUCT_NAME = "$(TARGET_NAME)";
				SWIFT_VERSION = 5.0;
				TARGETED_DEVICE_FAMILY = "1,2";
			};
			name = Debug;
		};
		194678C5232AD46300995AF7 /* Release */ = {
			isa = XCBuildConfiguration;
			baseConfigurationReference = C9154541D4BB163222A40FFD /* Pods-messagingApp.release.xcconfig */;
			buildSettings = {
				ASSETCATALOG_COMPILER_APPICON_NAME = AppIcon;
				CODE_SIGN_STYLE = Automatic;
				DEVELOPMENT_TEAM = YRAEVQQK7M;
				INFOPLIST_FILE = messagingApp/Info.plist;
				LD_RUNPATH_SEARCH_PATHS = (
					"$(inherited)",
					"@executable_path/Frameworks",
				);
				PRODUCT_BUNDLE_IDENTIFIER = com.practice.messagingApp;
				PRODUCT_NAME = "$(TARGET_NAME)";
				SWIFT_VERSION = 5.0;
				TARGETED_DEVICE_FAMILY = "1,2";
			};
			name = Release;
		};
/* End XCBuildConfiguration section */

/* Begin XCConfigurationList section */
		194678AC232AD46000995AF7 /* Build configuration list for PBXProject "messagingApp" */ = {
			isa = XCConfigurationList;
			buildConfigurations = (
				194678C1232AD46300995AF7 /* Debug */,
				194678C2232AD46300995AF7 /* Release */,
			);
			defaultConfigurationIsVisible = 0;
			defaultConfigurationName = Release;
		};
		194678C3232AD46300995AF7 /* Build configuration list for PBXNativeTarget "messagingApp" */ = {
			isa = XCConfigurationList;
			buildConfigurations = (
				194678C4232AD46300995AF7 /* Debug */,
				194678C5232AD46300995AF7 /* Release */,
			);
			defaultConfigurationIsVisible = 0;
			defaultConfigurationName = Release;
		};
/* End XCConfigurationList section */
	};
	rootObject = 194678A9232AD46000995AF7 /* Project object */;
}
