// !$*UTF8*$!
{
	archiveVersion = 1;
	classes = {
	};
	objectVersion = 51;
	objects = {

/* Begin PBXBuildFile section */
		6B02E8CCDB5337BA626F6DB2 /* Pods_studyapp.framework in Frameworks */ = {isa = PBXBuildFile; fileRef = 7AA5C55D0DBC8186E4CEB974 /* Pods_studyapp.framework */; };
		7A7513002339193900E6AC46 /* AppDelegate.swift in Sources */ = {isa = PBXBuildFile; fileRef = 7A7512FF2339193900E6AC46 /* AppDelegate.swift */; };
		7A7513022339193900E6AC46 /* ViewController.swift in Sources */ = {isa = PBXBuildFile; fileRef = 7A7513012339193900E6AC46 /* ViewController.swift */; };
		7A7513052339193900E6AC46 /* Main.storyboard in Resources */ = {isa = PBXBuildFile; fileRef = 7A7513032339193900E6AC46 /* Main.storyboard */; };
		7A7513072339193B00E6AC46 /* Assets.xcassets in Resources */ = {isa = PBXBuildFile; fileRef = 7A7513062339193B00E6AC46 /* Assets.xcassets */; };
		7A75130A2339193B00E6AC46 /* LaunchScreen.storyboard in Resources */ = {isa = PBXBuildFile; fileRef = 7A7513082339193B00E6AC46 /* LaunchScreen.storyboard */; };
		7A75131223391AD800E6AC46 /* GoogleService-Info.plist in Resources */ = {isa = PBXBuildFile; fileRef = 7A75131123391AD800E6AC46 /* GoogleService-Info.plist */; };
		7ADEC319233923F0002A8429 /* ComposeViewController.swift in Sources */ = {isa = PBXBuildFile; fileRef = 7ADEC318233923F0002A8429 /* ComposeViewController.swift */; };
/* End PBXBuildFile section */

/* Begin PBXFileReference section */
		50E87B2285C59EB3BD3D9328 /* Pods-studyapp.debug.xcconfig */ = {isa = PBXFileReference; includeInIndex = 1; lastKnownFileType = text.xcconfig; name = "Pods-studyapp.debug.xcconfig"; path = "Target Support Files/Pods-studyapp/Pods-studyapp.debug.xcconfig"; sourceTree = "<group>"; };
		7A7512FC2339193900E6AC46 /* studyapp.app */ = {isa = PBXFileReference; explicitFileType = wrapper.application; includeInIndex = 0; path = studyapp.app; sourceTree = BUILT_PRODUCTS_DIR; };
		7A7512FF2339193900E6AC46 /* AppDelegate.swift */ = {isa = PBXFileReference; lastKnownFileType = sourcecode.swift; path = AppDelegate.swift; sourceTree = "<group>"; };
		7A7513012339193900E6AC46 /* ViewController.swift */ = {isa = PBXFileReference; lastKnownFileType = sourcecode.swift; path = ViewController.swift; sourceTree = "<group>"; };
		7A7513042339193900E6AC46 /* Base */ = {isa = PBXFileReference; lastKnownFileType = file.storyboard; name = Base; path = Base.lproj/Main.storyboard; sourceTree = "<group>"; };
		7A7513062339193B00E6AC46 /* Assets.xcassets */ = {isa = PBXFileReference; lastKnownFileType = folder.assetcatalog; path = Assets.xcassets; sourceTree = "<group>"; };
		7A7513092339193B00E6AC46 /* Base */ = {isa = PBXFileReference; lastKnownFileType = file.storyboard; name = Base; path = Base.lproj/LaunchScreen.storyboard; sourceTree = "<group>"; };
		7A75130B2339193B00E6AC46 /* Info.plist */ = {isa = PBXFileReference; lastKnownFileType = text.plist.xml; path = Info.plist; sourceTree = "<group>"; };
		7A75131123391AD800E6AC46 /* GoogleService-Info.plist */ = {isa = PBXFileReference; fileEncoding = 4; lastKnownFileType = text.plist.xml; path = "GoogleService-Info.plist"; sourceTree = "<group>"; };
		7AA5C55D0DBC8186E4CEB974 /* Pods_studyapp.framework */ = {isa = PBXFileReference; explicitFileType = wrapper.framework; includeInIndex = 0; path = Pods_studyapp.framework; sourceTree = BUILT_PRODUCTS_DIR; };
		7ADEC318233923F0002A8429 /* ComposeViewController.swift */ = {isa = PBXFileReference; lastKnownFileType = sourcecode.swift; path = ComposeViewController.swift; sourceTree = "<group>"; };
		CEE55E32B832FB224D7812E3 /* Pods-studyapp.release.xcconfig */ = {isa = PBXFileReference; includeInIndex = 1; lastKnownFileType = text.xcconfig; name = "Pods-studyapp.release.xcconfig"; path = "Target Support Files/Pods-studyapp/Pods-studyapp.release.xcconfig"; sourceTree = "<group>"; };
/* End PBXFileReference section */

/* Begin PBXFrameworksBuildPhase section */
		7A7512F92339193900E6AC46 /* Frameworks */ = {
			isa = PBXFrameworksBuildPhase;
			buildActionMask = 2147483647;
			files = (
				6B02E8CCDB5337BA626F6DB2 /* Pods_studyapp.framework in Frameworks */,
			);
			runOnlyForDeploymentPostprocessing = 0;
		};
/* End PBXFrameworksBuildPhase section */

/* Begin PBXGroup section */
		271C3B868DDC12D162FEDE4A /* Frameworks */ = {
			isa = PBXGroup;
			children = (
				7AA5C55D0DBC8186E4CEB974 /* Pods_studyapp.framework */,
			);
			name = Frameworks;
			sourceTree = "<group>";
		};
		337E98E41CE8773AB5AB2233 /* Pods */ = {
			isa = PBXGroup;
			children = (
				50E87B2285C59EB3BD3D9328 /* Pods-studyapp.debug.xcconfig */,
				CEE55E32B832FB224D7812E3 /* Pods-studyapp.release.xcconfig */,
			);
			path = Pods;
			sourceTree = "<group>";
		};
		7A7512F32339193900E6AC46 = {
			isa = PBXGroup;
			children = (
				7A7512FE2339193900E6AC46 /* studyapp */,
				7A7512FD2339193900E6AC46 /* Products */,
				337E98E41CE8773AB5AB2233 /* Pods */,
				271C3B868DDC12D162FEDE4A /* Frameworks */,
			);
			sourceTree = "<group>";
		};
		7A7512FD2339193900E6AC46 /* Products */ = {
			isa = PBXGroup;
			children = (
				7A7512FC2339193900E6AC46 /* studyapp.app */,
			);
			name = Products;
			sourceTree = "<group>";
		};
		7A7512FE2339193900E6AC46 /* studyapp */ = {
			isa = PBXGroup;
			children = (
				7A7512FF2339193900E6AC46 /* AppDelegate.swift */,
				7A7513012339193900E6AC46 /* ViewController.swift */,
				7ADEC318233923F0002A8429 /* ComposeViewController.swift */,
				7A7513032339193900E6AC46 /* Main.storyboard */,
				7A7513062339193B00E6AC46 /* Assets.xcassets */,
				7A7513082339193B00E6AC46 /* LaunchScreen.storyboard */,
				7A75130B2339193B00E6AC46 /* Info.plist */,
				7A75131123391AD800E6AC46 /* GoogleService-Info.plist */,
			);
			path = studyapp;
			sourceTree = "<group>";
		};
/* End PBXGroup section */

/* Begin PBXNativeTarget section */
		7A7512FB2339193900E6AC46 /* studyapp */ = {
			isa = PBXNativeTarget;
			buildConfigurationList = 7A75130E2339193B00E6AC46 /* Build configuration list for PBXNativeTarget "studyapp" */;
			buildPhases = (
				21465C4D93F3F3C3B4DCC413 /* [CP] Check Pods Manifest.lock */,
				7A7512F82339193900E6AC46 /* Sources */,
				7A7512F92339193900E6AC46 /* Frameworks */,
				7A7512FA2339193900E6AC46 /* Resources */,
				84566440F091E5CEDE98B162 /* [CP] Embed Pods Frameworks */,
			);
			buildRules = (
			);
			dependencies = (
			);
			name = studyapp;
			productName = studyapp;
			productReference = 7A7512FC2339193900E6AC46 /* studyapp.app */;
			productType = "com.apple.product-type.application";
		};
/* End PBXNativeTarget section */

/* Begin PBXProject section */
		7A7512F42339193900E6AC46 /* Project object */ = {
			isa = PBXProject;
			attributes = {
				LastSwiftUpdateCheck = 1030;
				LastUpgradeCheck = 1030;
				TargetAttributes = {
					7A7512FB2339193900E6AC46 = {
						CreatedOnToolsVersion = 10.3;
					};
				};
			};
			buildConfigurationList = 7A7512F72339193900E6AC46 /* Build configuration list for PBXProject "studyapp" */;
			compatibilityVersion = "Xcode 9.3";
			developmentRegion = en;
			hasScannedForEncodings = 0;
			knownRegions = (
				en,
				Base,
			);
			mainGroup = 7A7512F32339193900E6AC46;
			productRefGroup = 7A7512FD2339193900E6AC46 /* Products */;
			projectDirPath = "";
			projectRoot = "";
			targets = (
				7A7512FB2339193900E6AC46 /* studyapp */,
			);
		};
/* End PBXProject section */

/* Begin PBXResourcesBuildPhase section */
		7A7512FA2339193900E6AC46 /* Resources */ = {
			isa = PBXResourcesBuildPhase;
			buildActionMask = 2147483647;
			files = (
				7A75130A2339193B00E6AC46 /* LaunchScreen.storyboard in Resources */,
				7A75131223391AD800E6AC46 /* GoogleService-Info.plist in Resources */,
				7A7513072339193B00E6AC46 /* Assets.xcassets in Resources */,
				7A7513052339193900E6AC46 /* Main.storyboard in Resources */,
			);
			runOnlyForDeploymentPostprocessing = 0;
		};
/* End PBXResourcesBuildPhase section */

/* Begin PBXShellScriptBuildPhase section */
		21465C4D93F3F3C3B4DCC413 /* [CP] Check Pods Manifest.lock */ = {
			isa = PBXShellScriptBuildPhase;
			buildActionMask = 2147483647;
			files = (
			);
			inputFileListPaths = (
			);
			inputPaths = (
				"${PODS_PODFILE_DIR_PATH}/Podfile.lock",
				"${PODS_ROOT}/Manifest.lock",
			);
			name = "[CP] Check Pods Manifest.lock";
			outputFileListPaths = (
			);
			outputPaths = (
				"$(DERIVED_FILE_DIR)/Pods-studyapp-checkManifestLockResult.txt",
			);
			runOnlyForDeploymentPostprocessing = 0;
			shellPath = /bin/sh;
			shellScript = "diff \"${PODS_PODFILE_DIR_PATH}/Podfile.lock\" \"${PODS_ROOT}/Manifest.lock\" > /dev/null\nif [ $? != 0 ] ; then\n    # print error to STDERR\n    echo \"error: The sandbox is not in sync with the Podfile.lock. Run 'pod install' or update your CocoaPods installation.\" >&2\n    exit 1\nfi\n# This output is used by Xcode 'outputs' to avoid re-running this script phase.\necho \"SUCCESS\" > \"${SCRIPT_OUTPUT_FILE_0}\"\n";
			showEnvVarsInLog = 0;
		};
		84566440F091E5CEDE98B162 /* [CP] Embed Pods Frameworks */ = {
			isa = PBXShellScriptBuildPhase;
			buildActionMask = 2147483647;
			files = (
			);
			inputFileListPaths = (
				"${PODS_ROOT}/Target Support Files/Pods-studyapp/Pods-studyapp-frameworks-${CONFIGURATION}-input-files.xcfilelist",
			);
			name = "[CP] Embed Pods Frameworks";
			outputFileListPaths = (
				"${PODS_ROOT}/Target Support Files/Pods-studyapp/Pods-studyapp-frameworks-${CONFIGURATION}-output-files.xcfilelist",
			);
			runOnlyForDeploymentPostprocessing = 0;
			shellPath = /bin/sh;
			shellScript = "\"${PODS_ROOT}/Target Support Files/Pods-studyapp/Pods-studyapp-frameworks.sh\"\n";
			showEnvVarsInLog = 0;
		};
/* End PBXShellScriptBuildPhase section */

/* Begin PBXSourcesBuildPhase section */
		7A7512F82339193900E6AC46 /* Sources */ = {
			isa = PBXSourcesBuildPhase;
			buildActionMask = 2147483647;
			files = (
				7ADEC319233923F0002A8429 /* ComposeViewController.swift in Sources */,
				7A7513022339193900E6AC46 /* ViewController.swift in Sources */,
				7A7513002339193900E6AC46 /* AppDelegate.swift in Sources */,
			);
			runOnlyForDeploymentPostprocessing = 0;
		};
/* End PBXSourcesBuildPhase section */

/* Begin PBXVariantGroup section */
		7A7513032339193900E6AC46 /* Main.storyboard */ = {
			isa = PBXVariantGroup;
			children = (
				7A7513042339193900E6AC46 /* Base */,
			);
			name = Main.storyboard;
			sourceTree = "<group>";
		};
		7A7513082339193B00E6AC46 /* LaunchScreen.storyboard */ = {
			isa = PBXVariantGroup;
			children = (
				7A7513092339193B00E6AC46 /* Base */,
			);
			name = LaunchScreen.storyboard;
			sourceTree = "<group>";
		};
/* End PBXVariantGroup section */

/* Begin XCBuildConfiguration section */
		7A75130C2339193B00E6AC46 /* Debug */ = {
			isa = XCBuildConfiguration;
			buildSettings = {
				ALWAYS_SEARCH_USER_PATHS = NO;
				CLANG_ANALYZER_NONNULL = YES;
				CLANG_ANALYZER_NUMBER_OBJECT_CONVERSION = YES_AGGRESSIVE;
				CLANG_CXX_LANGUAGE_STANDARD = "gnu++14";
				CLANG_CXX_LIBRARY = "libc++";
				CLANG_ENABLE_MODULES = YES;
				CLANG_ENABLE_OBJC_ARC = YES;
				CLANG_ENABLE_OBJC_WEAK = YES;
				CLANG_WARN_BLOCK_CAPTURE_AUTORELEASING = YES;
				CLANG_WARN_BOOL_CONVERSION = YES;
				CLANG_WARN_COMMA = YES;
				CLANG_WARN_CONSTANT_CONVERSION = YES;
				CLANG_WARN_DEPRECATED_OBJC_IMPLEMENTATIONS = YES;
				CLANG_WARN_DIRECT_OBJC_ISA_USAGE = YES_ERROR;
				CLANG_WARN_DOCUMENTATION_COMMENTS = YES;
				CLANG_WARN_EMPTY_BODY = YES;
				CLANG_WARN_ENUM_CONVERSION = YES;
				CLANG_WARN_INFINITE_RECURSION = YES;
				CLANG_WARN_INT_CONVERSION = YES;
				CLANG_WARN_NON_LITERAL_NULL_CONVERSION = YES;
				CLANG_WARN_OBJC_IMPLICIT_RETAIN_SELF = YES;
				CLANG_WARN_OBJC_LITERAL_CONVERSION = YES;
				CLANG_WARN_OBJC_ROOT_CLASS = YES_ERROR;
				CLANG_WARN_RANGE_LOOP_ANALYSIS = YES;
				CLANG_WARN_STRICT_PROTOTYPES = YES;
				CLANG_WARN_SUSPICIOUS_MOVE = YES;
				CLANG_WARN_UNGUARDED_AVAILABILITY = YES_AGGRESSIVE;
				CLANG_WARN_UNREACHABLE_CODE = YES;
				CLANG_WARN__DUPLICATE_METHOD_MATCH = YES;
				CODE_SIGN_IDENTITY = "iPhone Developer";
				COPY_PHASE_STRIP = NO;
				DEBUG_INFORMATION_FORMAT = dwarf;
				ENABLE_STRICT_OBJC_MSGSEND = YES;
				ENABLE_TESTABILITY = YES;
				GCC_C_LANGUAGE_STANDARD = gnu11;
				GCC_DYNAMIC_NO_PIC = NO;
				GCC_NO_COMMON_BLOCKS = YES;
				GCC_OPTIMIZATION_LEVEL = 0;
				GCC_PREPROCESSOR_DEFINITIONS = (
					"DEBUG=1",
					"$(inherited)",
				);
				GCC_WARN_64_TO_32_BIT_CONVERSION = YES;
				GCC_WARN_ABOUT_RETURN_TYPE = YES_ERROR;
				GCC_WARN_UNDECLARED_SELECTOR = YES;
				GCC_WARN_UNINITIALIZED_AUTOS = YES_AGGRESSIVE;
				GCC_WARN_UNUSED_FUNCTION = YES;
				GCC_WARN_UNUSED_VARIABLE = YES;
				IPHONEOS_DEPLOYMENT_TARGET = 12.4;
				MTL_ENABLE_DEBUG_INFO = INCLUDE_SOURCE;
				MTL_FAST_MATH = YES;
				ONLY_ACTIVE_ARCH = YES;
				SDKROOT = iphoneos;
				SWIFT_ACTIVE_COMPILATION_CONDITIONS = DEBUG;
				SWIFT_OPTIMIZATION_LEVEL = "-Onone";
			};
			name = Debug;
		};
		7A75130D2339193B00E6AC46 /* Release */ = {
			isa = XCBuildConfiguration;
			buildSettings = {
				ALWAYS_SEARCH_USER_PATHS = NO;
				CLANG_ANALYZER_NONNULL = YES;
				CLANG_ANALYZER_NUMBER_OBJECT_CONVERSION = YES_AGGRESSIVE;
				CLANG_CXX_LANGUAGE_STANDARD = "gnu++14";
				CLANG_CXX_LIBRARY = "libc++";
				CLANG_ENABLE_MODULES = YES;
				CLANG_ENABLE_OBJC_ARC = YES;
				CLANG_ENABLE_OBJC_WEAK = YES;
				CLANG_WARN_BLOCK_CAPTURE_AUTORELEASING = YES;
				CLANG_WARN_BOOL_CONVERSION = YES;
				CLANG_WARN_COMMA = YES;
				CLANG_WARN_CONSTANT_CONVERSION = YES;
				CLANG_WARN_DEPRECATED_OBJC_IMPLEMENTATIONS = YES;
				CLANG_WARN_DIRECT_OBJC_ISA_USAGE = YES_ERROR;
				CLANG_WARN_DOCUMENTATION_COMMENTS = YES;
				CLANG_WARN_EMPTY_BODY = YES;
				CLANG_WARN_ENUM_CONVERSION = YES;
				CLANG_WARN_INFINITE_RECURSION = YES;
				CLANG_WARN_INT_CONVERSION = YES;
				CLANG_WARN_NON_LITERAL_NULL_CONVERSION = YES;
				CLANG_WARN_OBJC_IMPLICIT_RETAIN_SELF = YES;
				CLANG_WARN_OBJC_LITERAL_CONVERSION = YES;
				CLANG_WARN_OBJC_ROOT_CLASS = YES_ERROR;
				CLANG_WARN_RANGE_LOOP_ANALYSIS = YES;
				CLANG_WARN_STRICT_PROTOTYPES = YES;
				CLANG_WARN_SUSPICIOUS_MOVE = YES;
				CLANG_WARN_UNGUARDED_AVAILABILITY = YES_AGGRESSIVE;
				CLANG_WARN_UNREACHABLE_CODE = YES;
				CLANG_WARN__DUPLICATE_METHOD_MATCH = YES;
				CODE_SIGN_IDENTITY = "iPhone Developer";
				COPY_PHASE_STRIP = NO;
				DEBUG_INFORMATION_FORMAT = "dwarf-with-dsym";
				ENABLE_NS_ASSERTIONS = NO;
				ENABLE_STRICT_OBJC_MSGSEND = YES;
				GCC_C_LANGUAGE_STANDARD = gnu11;
				GCC_NO_COMMON_BLOCKS = YES;
				GCC_WARN_64_TO_32_BIT_CONVERSION = YES;
				GCC_WARN_ABOUT_RETURN_TYPE = YES_ERROR;
				GCC_WARN_UNDECLARED_SELECTOR = YES;
				GCC_WARN_UNINITIALIZED_AUTOS = YES_AGGRESSIVE;
				GCC_WARN_UNUSED_FUNCTION = YES;
				GCC_WARN_UNUSED_VARIABLE = YES;
				IPHONEOS_DEPLOYMENT_TARGET = 12.4;
				MTL_ENABLE_DEBUG_INFO = NO;
				MTL_FAST_MATH = YES;
				SDKROOT = iphoneos;
				SWIFT_COMPILATION_MODE = wholemodule;
				SWIFT_OPTIMIZATION_LEVEL = "-O";
				VALIDATE_PRODUCT = YES;
			};
			name = Release;
		};
		7A75130F2339193B00E6AC46 /* Debug */ = {
			isa = XCBuildConfiguration;
			baseConfigurationReference = 50E87B2285C59EB3BD3D9328 /* Pods-studyapp.debug.xcconfig */;
			buildSettings = {
				ASSETCATALOG_COMPILER_APPICON_NAME = AppIcon;
				CODE_SIGN_STYLE = Automatic;
				DEVELOPMENT_TEAM = BH9BS3QV7C;
				INFOPLIST_FILE = studyapp/Info.plist;
				LD_RUNPATH_SEARCH_PATHS = (
					"$(inherited)",
					"@executable_path/Frameworks",
				);
				PRODUCT_BUNDLE_IDENTIFIER = com.cs485.studyapp;
				PRODUCT_NAME = "$(TARGET_NAME)";
				SWIFT_VERSION = 5.0;
				TARGETED_DEVICE_FAMILY = "1,2";
			};
			name = Debug;
		};
		7A7513102339193B00E6AC46 /* Release */ = {
			isa = XCBuildConfiguration;
			baseConfigurationReference = CEE55E32B832FB224D7812E3 /* Pods-studyapp.release.xcconfig */;
			buildSettings = {
				ASSETCATALOG_COMPILER_APPICON_NAME = AppIcon;
				CODE_SIGN_STYLE = Automatic;
				DEVELOPMENT_TEAM = BH9BS3QV7C;
				INFOPLIST_FILE = studyapp/Info.plist;
				LD_RUNPATH_SEARCH_PATHS = (
					"$(inherited)",
					"@executable_path/Frameworks",
				);
				PRODUCT_BUNDLE_IDENTIFIER = com.cs485.studyapp;
				PRODUCT_NAME = "$(TARGET_NAME)";
				SWIFT_VERSION = 5.0;
				TARGETED_DEVICE_FAMILY = "1,2";
			};
			name = Release;
		};
/* End XCBuildConfiguration section */

/* Begin XCConfigurationList section */
		7A7512F72339193900E6AC46 /* Build configuration list for PBXProject "studyapp" */ = {
			isa = XCConfigurationList;
			buildConfigurations = (
				7A75130C2339193B00E6AC46 /* Debug */,
				7A75130D2339193B00E6AC46 /* Release */,
			);
			defaultConfigurationIsVisible = 0;
			defaultConfigurationName = Release;
		};
		7A75130E2339193B00E6AC46 /* Build configuration list for PBXNativeTarget "studyapp" */ = {
			isa = XCConfigurationList;
			buildConfigurations = (
				7A75130F2339193B00E6AC46 /* Debug */,
				7A7513102339193B00E6AC46 /* Release */,
			);
			defaultConfigurationIsVisible = 0;
			defaultConfigurationName = Release;
		};
/* End XCConfigurationList section */
	};
	rootObject = 7A7512F42339193900E6AC46 /* Project object */;
}
